
Microsoft Visual Studio Solution File, Format Version 12.00
# Visual Studio Version 17
VisualStudioVersion = 17.1.32407.343
MinimumVisualStudioVersion = 10.0.40219.1
Project("{FAE04EC0-301F-11D3-BF4B-00C04F79EFBC}") = "Listener", "Listener\Listener.csproj", "{E56F80C8-1D39-4567-87D2-BAF5FF8BD168}"
EndProject
Project("{FAE04EC0-301F-11D3-BF4B-00C04F79EFBC}") = "Client", "Client\Client.csproj", "{6B9F998B-8989-4879-B920-2B8F251ACFCA}"
EndProject
Global
	GlobalSection(SolutionConfigurationPlatforms) = preSolution
		Debug|Any CPU = Debug|Any CPU
		Release|Any CPU = Release|Any CPU
	EndGlobalSection
	GlobalSection(ProjectConfigurationPlatforms) = postSolution
		{E56F80C8-1D39-4567-87D2-BAF5FF8BD168}.Debug|Any CPU.ActiveCfg = Debug|Any CPU
		{E56F80C8-1D39-4567-87D2-BAF5FF8BD168}.Debug|Any CPU.Build.0 = Debug|Any CPU
		{E56F80C8-1D39-4567-87D2-BAF5FF8BD168}.Release|Any CPU.ActiveCfg = Release|Any CPU
		{E56F80C8-1D39-4567-87D2-BAF5FF8BD168}.Release|Any CPU.Build.0 = Release|Any CPU
		{6B9F998B-8989-4879-B920-2B8F251ACFCA}.Debug|Any CPU.ActiveCfg = Debug|Any CPU
		{6B9F998B-8989-4879-B920-2B8F251ACFCA}.Debug|Any CPU.Build.0 = Debug|Any CPU
		{6B9F998B-8989-4879-B920-2B8F251ACFCA}.Release|Any CPU.ActiveCfg = Release|Any CPU
		{6B9F998B-8989-4879-B920-2B8F251ACFCA}.Release|Any CPU.Build.0 = Release|Any CPU
	EndGlobalSection
	GlobalSection(SolutionProperties) = preSolution
		HideSolutionNode = FALSE
	EndGlobalSection
	GlobalSection(ExtensibilityGlobals) = postSolution
		SolutionGuid = {316CCD22-9160-423A-995C-B804BD529333}
	EndGlobalSection
EndGlobal
