
Microsoft Visual Studio Solution File, Format Version 12.00
# Visual Studio Version 17
VisualStudioVersion = 17.1.32407.343
MinimumVisualStudioVersion = 10.0.40219.1
Project("{9A19103F-16F7-4668-BE54-9A1E7A4F7556}") = "TaskWithEfCore.API", "TaskWithEfCore.API\TaskWithEfCore.API.csproj", "{41F6BE5D-8B6B-4E93-8317-CF606882FDCD}"
EndProject
Project("{FAE04EC0-301F-11D3-BF4B-00C04F79EFBC}") = "TaskWithEfCore.Infrastructure", "TaskWithEfCore.Infrastructure\TaskWithEfCore.Infrastructure.csproj", "{C393B482-6F77-4CE1-8C39-1C5CC9DD72B2}"
EndProject
Global
	GlobalSection(SolutionConfigurationPlatforms) = preSolution
		Debug|Any CPU = Debug|Any CPU
		Release|Any CPU = Release|Any CPU
	EndGlobalSection
	GlobalSection(ProjectConfigurationPlatforms) = postSolution
		{41F6BE5D-8B6B-4E93-8317-CF606882FDCD}.Debug|Any CPU.ActiveCfg = Debug|Any CPU
		{41F6BE5D-8B6B-4E93-8317-CF606882FDCD}.Debug|Any CPU.Build.0 = Debug|Any CPU
		{41F6BE5D-8B6B-4E93-8317-CF606882FDCD}.Release|Any CPU.ActiveCfg = Release|Any CPU
		{41F6BE5D-8B6B-4E93-8317-CF606882FDCD}.Release|Any CPU.Build.0 = Release|Any CPU
		{C393B482-6F77-4CE1-8C39-1C5CC9DD72B2}.Debug|Any CPU.ActiveCfg = Debug|Any CPU
		{C393B482-6F77-4CE1-8C39-1C5CC9DD72B2}.Debug|Any CPU.Build.0 = Debug|Any CPU
		{C393B482-6F77-4CE1-8C39-1C5CC9DD72B2}.Release|Any CPU.ActiveCfg = Release|Any CPU
		{C393B482-6F77-4CE1-8C39-1C5CC9DD72B2}.Release|Any CPU.Build.0 = Release|Any CPU
	EndGlobalSection
	GlobalSection(SolutionProperties) = preSolution
		HideSolutionNode = FALSE
	EndGlobalSection
	GlobalSection(ExtensibilityGlobals) = postSolution
		SolutionGuid = {FBA86D18-F3D4-4CA1-B457-B0D572D58C10}
	EndGlobalSection
EndGlobal
