
Microsoft Visual Studio Solution File, Format Version 12.00
# Visual Studio Version 16
VisualStudioVersion = 16.0.30114.105
MinimumVisualStudioVersion = 10.0.40219.1
Project("{FAE04EC0-301F-11D3-BF4B-00C04F79EFBC}") = "Reflection", "Reflection\Reflection.csproj", "{BABFB3AB-3CB3-4734-96FF-563FAA9B6F43}"
EndProject
Project("{FAE04EC0-301F-11D3-BF4B-00C04F79EFBC}") = "Provider", "Provider\Provider.csproj", "{D946E6CB-A38A-4C72-AE8B-4D2785A1BEA8}"
EndProject
Global
	GlobalSection(SolutionConfigurationPlatforms) = preSolution
		Debug|Any CPU = Debug|Any CPU
		Release|Any CPU = Release|Any CPU
	EndGlobalSection
	GlobalSection(SolutionProperties) = preSolution
		HideSolutionNode = FALSE
	EndGlobalSection
	GlobalSection(ProjectConfigurationPlatforms) = postSolution
		{BABFB3AB-3CB3-4734-96FF-563FAA9B6F43}.Debug|Any CPU.ActiveCfg = Debug|Any CPU
		{BABFB3AB-3CB3-4734-96FF-563FAA9B6F43}.Debug|Any CPU.Build.0 = Debug|Any CPU
		{BABFB3AB-3CB3-4734-96FF-563FAA9B6F43}.Release|Any CPU.ActiveCfg = Release|Any CPU
		{BABFB3AB-3CB3-4734-96FF-563FAA9B6F43}.Release|Any CPU.Build.0 = Release|Any CPU
		{D946E6CB-A38A-4C72-AE8B-4D2785A1BEA8}.Debug|Any CPU.ActiveCfg = Debug|Any CPU
		{D946E6CB-A38A-4C72-AE8B-4D2785A1BEA8}.Debug|Any CPU.Build.0 = Debug|Any CPU
		{D946E6CB-A38A-4C72-AE8B-4D2785A1BEA8}.Release|Any CPU.ActiveCfg = Release|Any CPU
		{D946E6CB-A38A-4C72-AE8B-4D2785A1BEA8}.Release|Any CPU.Build.0 = Release|Any CPU
	EndGlobalSection
EndGlobal
